
Microsoft Visual Studio Solution File, Format Version 12.00
# Visual Studio Version 16
VisualStudioVersion = 16.0.31613.86
MinimumVisualStudioVersion = 10.0.40219.1
Project("{FAE04EC0-301F-11D3-BF4B-00C04F79EFBC}") = "02_Schleifen_1.1", "02_Schleifen_1.1.csproj", "{133980AE-B8A6-4D9C-9759-A63A8BA1D869}"
EndProject
Global
	GlobalSection(SolutionConfigurationPlatforms) = preSolution
		Debug|Any CPU = Debug|Any CPU
		Release|Any CPU = Release|Any CPU
	EndGlobalSection
	GlobalSection(ProjectConfigurationPlatforms) = postSolution
		{133980AE-B8A6-4D9C-9759-A63A8BA1D869}.Debug|Any CPU.ActiveCfg = Debug|Any CPU
		{133980AE-B8A6-4D9C-9759-A63A8BA1D869}.Debug|Any CPU.Build.0 = Debug|Any CPU
		{133980AE-B8A6-4D9C-9759-A63A8BA1D869}.Release|Any CPU.ActiveCfg = Release|Any CPU
		{133980AE-B8A6-4D9C-9759-A63A8BA1D869}.Release|Any CPU.Build.0 = Release|Any CPU
	EndGlobalSection
	GlobalSection(SolutionProperties) = preSolution
		HideSolutionNode = FALSE
	EndGlobalSection
	GlobalSection(ExtensibilityGlobals) = postSolution
		SolutionGuid = {D3FA41ED-3B0C-4BB4-8D8F-5DDA169ACD12}
	EndGlobalSection
EndGlobal
