
Microsoft Visual Studio Solution File, Format Version 12.00
# Visual Studio 15
VisualStudioVersion = 15.0.27130.2027
MinimumVisualStudioVersion = 10.0.40219.1
Project("{FAE04EC0-301F-11D3-BF4B-00C04F79EFBC}") = "05_Responsive_Forms", "05_Responsive_Forms.csproj", "{2B2AFF9B-F019-43ED-ABC2-3CAF21261F28}"
EndProject
Global
	GlobalSection(SolutionConfigurationPlatforms) = preSolution
		Debug|Any CPU = Debug|Any CPU
		Release|Any CPU = Release|Any CPU
	EndGlobalSection
	GlobalSection(ProjectConfigurationPlatforms) = postSolution
		{2B2AFF9B-F019-43ED-ABC2-3CAF21261F28}.Debug|Any CPU.ActiveCfg = Debug|Any CPU
		{2B2AFF9B-F019-43ED-ABC2-3CAF21261F28}.Debug|Any CPU.Build.0 = Debug|Any CPU
		{2B2AFF9B-F019-43ED-ABC2-3CAF21261F28}.Release|Any CPU.ActiveCfg = Release|Any CPU
		{2B2AFF9B-F019-43ED-ABC2-3CAF21261F28}.Release|Any CPU.Build.0 = Release|Any CPU
	EndGlobalSection
	GlobalSection(SolutionProperties) = preSolution
		HideSolutionNode = FALSE
	EndGlobalSection
	GlobalSection(ExtensibilityGlobals) = postSolution
		SolutionGuid = {DBB6390E-BEEC-4CE5-9C3F-6ED43D6F0F6C}
	EndGlobalSection
EndGlobal
