
Microsoft Visual Studio Solution File, Format Version 12.00
# Visual Studio Version 16
VisualStudioVersion = 16.0.31613.86
MinimumVisualStudioVersion = 10.0.40219.1
Project("{FAE04EC0-301F-11D3-BF4B-00C04F79EFBC}") = "03_Jagged_Arrays_2.2", "03_Jagged_Arrays_2.2.csproj", "{B0727A8D-1C18-4E99-9C58-BF37B6B34891}"
EndProject
Global
	GlobalSection(SolutionConfigurationPlatforms) = preSolution
		Debug|Any CPU = Debug|Any CPU
		Release|Any CPU = Release|Any CPU
	EndGlobalSection
	GlobalSection(ProjectConfigurationPlatforms) = postSolution
		{B0727A8D-1C18-4E99-9C58-BF37B6B34891}.Debug|Any CPU.ActiveCfg = Debug|Any CPU
		{B0727A8D-1C18-4E99-9C58-BF37B6B34891}.Debug|Any CPU.Build.0 = Debug|Any CPU
		{B0727A8D-1C18-4E99-9C58-BF37B6B34891}.Release|Any CPU.ActiveCfg = Release|Any CPU
		{B0727A8D-1C18-4E99-9C58-BF37B6B34891}.Release|Any CPU.Build.0 = Release|Any CPU
	EndGlobalSection
	GlobalSection(SolutionProperties) = preSolution
		HideSolutionNode = FALSE
	EndGlobalSection
	GlobalSection(ExtensibilityGlobals) = postSolution
		SolutionGuid = {D3FA41ED-3B0C-4BB4-8D8F-5DDA169ACD12}
	EndGlobalSection
EndGlobal
