
Microsoft Visual Studio Solution File, Format Version 12.00
# Visual Studio Version 17
VisualStudioVersion = 17.3.32811.315
MinimumVisualStudioVersion = 10.0.40219.1
Project("{FAE04EC0-301F-11D3-BF4B-00C04F79EFBC}") = "07_WinForms_2.3", "07_WinForms_2.3\07_WinForms_2.3.csproj", "{8785C49A-9E55-4AF3-9578-2A0F1569A387}"
EndProject
Global
	GlobalSection(SolutionConfigurationPlatforms) = preSolution
		Debug|Any CPU = Debug|Any CPU
		Release|Any CPU = Release|Any CPU
	EndGlobalSection
	GlobalSection(ProjectConfigurationPlatforms) = postSolution
		{8785C49A-9E55-4AF3-9578-2A0F1569A387}.Debug|Any CPU.ActiveCfg = Debug|Any CPU
		{8785C49A-9E55-4AF3-9578-2A0F1569A387}.Debug|Any CPU.Build.0 = Debug|Any CPU
		{8785C49A-9E55-4AF3-9578-2A0F1569A387}.Release|Any CPU.ActiveCfg = Release|Any CPU
		{8785C49A-9E55-4AF3-9578-2A0F1569A387}.Release|Any CPU.Build.0 = Release|Any CPU
	EndGlobalSection
	GlobalSection(SolutionProperties) = preSolution
		HideSolutionNode = FALSE
	EndGlobalSection
	GlobalSection(ExtensibilityGlobals) = postSolution
		SolutionGuid = {2DB0DAB7-9F13-446C-9A5D-B638B663E51D}
	EndGlobalSection
EndGlobal
