
Microsoft Visual Studio Solution File, Format Version 12.00
# Visual Studio Version 17
VisualStudioVersion = 17.3.32811.315
MinimumVisualStudioVersion = 10.0.40219.1
Project("{FAE04EC0-301F-11D3-BF4B-00C04F79EFBC}") = "07_WinForms_2.4", "07_WinForms_2.4\07_WinForms_2.4.csproj", "{F35696D0-5F90-476C-86DF-5DC3D948C045}"
EndProject
Global
	GlobalSection(SolutionConfigurationPlatforms) = preSolution
		Debug|Any CPU = Debug|Any CPU
		Release|Any CPU = Release|Any CPU
	EndGlobalSection
	GlobalSection(ProjectConfigurationPlatforms) = postSolution
		{F35696D0-5F90-476C-86DF-5DC3D948C045}.Debug|Any CPU.ActiveCfg = Debug|Any CPU
		{F35696D0-5F90-476C-86DF-5DC3D948C045}.Debug|Any CPU.Build.0 = Debug|Any CPU
		{F35696D0-5F90-476C-86DF-5DC3D948C045}.Release|Any CPU.ActiveCfg = Release|Any CPU
		{F35696D0-5F90-476C-86DF-5DC3D948C045}.Release|Any CPU.Build.0 = Release|Any CPU
	EndGlobalSection
	GlobalSection(SolutionProperties) = preSolution
		HideSolutionNode = FALSE
	EndGlobalSection
	GlobalSection(ExtensibilityGlobals) = postSolution
		SolutionGuid = {B0F263D5-2294-4DA0-85A6-83CBBA015DF7}
	EndGlobalSection
EndGlobal
